
Microsoft Visual Studio Solution File, Format Version 12.00
# Visual Studio 2013
VisualStudioVersion = 12.0.21005.1
MinimumVisualStudioVersion = 10.0.40219.1
Project("{FAE04EC0-301F-11D3-BF4B-00C04F79EFBC}") = "ArasServiceObject", "..\ArasServiceObject\ArasServiceObject\ArasServiceObject.csproj", "{219F4214-58E3-4D0D-AFE4-804248704810}"
	ProjectSection(ProjectDependencies) = postProject
		{6AF9CB7D-C3D0-4C20-9F34-A7D94EEAE5ED} = {6AF9CB7D-C3D0-4C20-9F34-A7D94EEAE5ED}
	EndProjectSection
EndProject
Project("{FAE04EC0-301F-11D3-BF4B-00C04F79EFBC}") = "ArasInnovatorService", "..\ArasInnovatorService\ArasInnovatorService\ArasInnovatorService.csproj", "{6AF9CB7D-C3D0-4C20-9F34-A7D94EEAE5ED}"
EndProject
Project("{FAE04EC0-301F-11D3-BF4B-00C04F79EFBC}") = "ParameterTest", "..\ParmaterTest\ParameterTest\ParameterTest.csproj", "{A392FFE1-6178-4D0A-8158-96476F8DE02C}"
EndProject
Global
	GlobalSection(SolutionConfigurationPlatforms) = preSolution
		Debug|Any CPU = Debug|Any CPU
		Release|Any CPU = Release|Any CPU
	EndGlobalSection
	GlobalSection(ProjectConfigurationPlatforms) = postSolution
		{219F4214-58E3-4D0D-AFE4-804248704810}.Debug|Any CPU.ActiveCfg = Debug|Any CPU
		{219F4214-58E3-4D0D-AFE4-804248704810}.Debug|Any CPU.Build.0 = Debug|Any CPU
		{219F4214-58E3-4D0D-AFE4-804248704810}.Release|Any CPU.ActiveCfg = Release|Any CPU
		{219F4214-58E3-4D0D-AFE4-804248704810}.Release|Any CPU.Build.0 = Release|Any CPU
		{6AF9CB7D-C3D0-4C20-9F34-A7D94EEAE5ED}.Debug|Any CPU.ActiveCfg = Debug|Any CPU
		{6AF9CB7D-C3D0-4C20-9F34-A7D94EEAE5ED}.Debug|Any CPU.Build.0 = Debug|Any CPU
		{6AF9CB7D-C3D0-4C20-9F34-A7D94EEAE5ED}.Release|Any CPU.ActiveCfg = Release|Any CPU
		{6AF9CB7D-C3D0-4C20-9F34-A7D94EEAE5ED}.Release|Any CPU.Build.0 = Release|Any CPU
		{A392FFE1-6178-4D0A-8158-96476F8DE02C}.Debug|Any CPU.ActiveCfg = Debug|Any CPU
		{A392FFE1-6178-4D0A-8158-96476F8DE02C}.Debug|Any CPU.Build.0 = Debug|Any CPU
		{A392FFE1-6178-4D0A-8158-96476F8DE02C}.Release|Any CPU.ActiveCfg = Release|Any CPU
		{A392FFE1-6178-4D0A-8158-96476F8DE02C}.Release|Any CPU.Build.0 = Release|Any CPU
	EndGlobalSection
	GlobalSection(SolutionProperties) = preSolution
		HideSolutionNode = FALSE
	EndGlobalSection
EndGlobal
